
Microsoft Visual Studio Solution File, Format Version 12.00
# Visual Studio 2013
VisualStudioVersion = 12.0.31101.0
MinimumVisualStudioVersion = 10.0.40219.1
Project("{FAE04EC0-301F-11D3-BF4B-00C04F79EFBC}") = "Talent21.Web", "Talent21.Web\Talent21.Web.csproj", "{F107B15F-962B-4EC7-949C-6C1C7B477DA1}"
EndProject
Project("{FAE04EC0-301F-11D3-BF4B-00C04F79EFBC}") = "e10.Shared", "e10.Shared\e10.Shared.csproj", "{689CAC89-1917-4604-9D32-C742C1E826CE}"
EndProject
Global
	GlobalSection(SolutionConfigurationPlatforms) = preSolution
		Debug|Any CPU = Debug|Any CPU
		Release|Any CPU = Release|Any CPU
	EndGlobalSection
	GlobalSection(ProjectConfigurationPlatforms) = postSolution
		{F107B15F-962B-4EC7-949C-6C1C7B477DA1}.Debug|Any CPU.ActiveCfg = Debug|Any CPU
		{F107B15F-962B-4EC7-949C-6C1C7B477DA1}.Debug|Any CPU.Build.0 = Debug|Any CPU
		{F107B15F-962B-4EC7-949C-6C1C7B477DA1}.Release|Any CPU.ActiveCfg = Release|Any CPU
		{F107B15F-962B-4EC7-949C-6C1C7B477DA1}.Release|Any CPU.Build.0 = Release|Any CPU
		{689CAC89-1917-4604-9D32-C742C1E826CE}.Debug|Any CPU.ActiveCfg = Debug|Any CPU
		{689CAC89-1917-4604-9D32-C742C1E826CE}.Debug|Any CPU.Build.0 = Debug|Any CPU
		{689CAC89-1917-4604-9D32-C742C1E826CE}.Release|Any CPU.ActiveCfg = Release|Any CPU
		{689CAC89-1917-4604-9D32-C742C1E826CE}.Release|Any CPU.Build.0 = Release|Any CPU
	EndGlobalSection
	GlobalSection(SolutionProperties) = preSolution
		HideSolutionNode = FALSE
	EndGlobalSection
EndGlobal
